
Microsoft Visual Studio Solution File, Format Version 12.00
# Visual Studio 15
VisualStudioVersion = 15.0.27428.2002
MinimumVisualStudioVersion = 10.0.40219.1
Project("{FAE04EC0-301F-11D3-BF4B-00C04F79EFBC}") = "SelfHostWebDoorAccessControl", "SelfHostWebDoorAccessControl\SelfHostWebDoorAccessControl.csproj", "{BD9BC18F-8D33-440D-B84C-18F005E0EAE5}"
EndProject
Global
	GlobalSection(SolutionConfigurationPlatforms) = preSolution
		Debug|Any CPU = Debug|Any CPU
		Release|Any CPU = Release|Any CPU
	EndGlobalSection
	GlobalSection(ProjectConfigurationPlatforms) = postSolution
		{BD9BC18F-8D33-440D-B84C-18F005E0EAE5}.Debug|Any CPU.ActiveCfg = Debug|Any CPU
		{BD9BC18F-8D33-440D-B84C-18F005E0EAE5}.Debug|Any CPU.Build.0 = Debug|Any CPU
		{BD9BC18F-8D33-440D-B84C-18F005E0EAE5}.Release|Any CPU.ActiveCfg = Release|Any CPU
		{BD9BC18F-8D33-440D-B84C-18F005E0EAE5}.Release|Any CPU.Build.0 = Release|Any CPU
	EndGlobalSection
	GlobalSection(SolutionProperties) = preSolution
		HideSolutionNode = FALSE
	EndGlobalSection
	GlobalSection(ExtensibilityGlobals) = postSolution
		SolutionGuid = {143CD12A-53F7-474F-84CB-15BE3BE391E4}
	EndGlobalSection
EndGlobal
